
Microsoft Visual Studio Solution File, Format Version 12.00
# Visual Studio Version 16
VisualStudioVersion = 16.0.32630.194
MinimumVisualStudioVersion = 10.0.40219.1
Project("{FAE04EC0-301F-11D3-BF4B-00C04F79EFBC}") = "ClienteWeb", "ClienteWeb\ClienteWeb.csproj", "{B6D4B20B-739C-4119-B465-592766B87A02}"
EndProject
Global
	GlobalSection(SolutionConfigurationPlatforms) = preSolution
		Debug|Any CPU = Debug|Any CPU
		Release|Any CPU = Release|Any CPU
	EndGlobalSection
	GlobalSection(ProjectConfigurationPlatforms) = postSolution
		{B6D4B20B-739C-4119-B465-592766B87A02}.Debug|Any CPU.ActiveCfg = Debug|Any CPU
		{B6D4B20B-739C-4119-B465-592766B87A02}.Debug|Any CPU.Build.0 = Debug|Any CPU
		{B6D4B20B-739C-4119-B465-592766B87A02}.Release|Any CPU.ActiveCfg = Release|Any CPU
		{B6D4B20B-739C-4119-B465-592766B87A02}.Release|Any CPU.Build.0 = Release|Any CPU
	EndGlobalSection
	GlobalSection(SolutionProperties) = preSolution
		HideSolutionNode = FALSE
	EndGlobalSection
	GlobalSection(ExtensibilityGlobals) = postSolution
		SolutionGuid = {EE60A0A5-720E-4E1D-8135-CF8846B825F8}
	EndGlobalSection
EndGlobal
